// !$*UTF8*$!
{
	archiveVersion = 1;
	classes = {
	};
	objectVersion = 56;
	objects = {

/* Begin PBXBuildFile section */
		2E31D9972A00F8460056C76B /* TableView_ViewController.swift in Sources */ = {isa = PBXBuildFile; fileRef = 2E31D9962A00F8460056C76B /* TableView_ViewController.swift */; };
		2E9663B42A02380300D92D2A /* MainViewController.swift in Sources */ = {isa = PBXBuildFile; fileRef = 2E9663B32A02380300D92D2A /* MainViewController.swift */; };
		2E9663B92A0242E900D92D2A /* Extension_UIView.swift in Sources */ = {isa = PBXBuildFile; fileRef = 2E9663B82A0242E900D92D2A /* Extension_UIView.swift */; };
		2E9663BB2A02594100D92D2A /* MyCell1.swift in Sources */ = {isa = PBXBuildFile; fileRef = 2E9663BA2A02594100D92D2A /* MyCell1.swift */; };
		2E9663BF2A02601F00D92D2A /* TableViewController_Mission.swift in Sources */ = {isa = PBXBuildFile; fileRef = 2E9663BE2A02601F00D92D2A /* TableViewController_Mission.swift */; };
		2EDD44F72A00B27600656EAE /* AppDelegate.swift in Sources */ = {isa = PBXBuildFile; fileRef = 2EDD44F62A00B27600656EAE /* AppDelegate.swift */; };
		2EDD44F92A00B27600656EAE /* SceneDelegate.swift in Sources */ = {isa = PBXBuildFile; fileRef = 2EDD44F82A00B27600656EAE /* SceneDelegate.swift */; };
		2EDD44FB2A00B27600656EAE /* ViewController.swift in Sources */ = {isa = PBXBuildFile; fileRef = 2EDD44FA2A00B27600656EAE /* ViewController.swift */; };
		2EDD44FE2A00B27600656EAE /* Main.storyboard in Resources */ = {isa = PBXBuildFile; fileRef = 2EDD44FC2A00B27600656EAE /* Main.storyboard */; };
		2EDD45002A00B27700656EAE /* Assets.xcassets in Resources */ = {isa = PBXBuildFile; fileRef = 2EDD44FF2A00B27700656EAE /* Assets.xcassets */; };
		2EDD45032A00B27700656EAE /* LaunchScreen.storyboard in Resources */ = {isa = PBXBuildFile; fileRef = 2EDD45012A00B27700656EAE /* LaunchScreen.storyboard */; };
		2EDD450B2A00BE4900656EAE /* ViewController1.swift in Sources */ = {isa = PBXBuildFile; fileRef = 2EDD450A2A00BE4900656EAE /* ViewController1.swift */; };
		2EDD450D2A00F4C700656EAE /* MyCell.swift in Sources */ = {isa = PBXBuildFile; fileRef = 2EDD450C2A00F4C700656EAE /* MyCell.swift */; };
/* End PBXBuildFile section */

/* Begin PBXFileReference section */
		2E31D9962A00F8460056C76B /* TableView_ViewController.swift */ = {isa = PBXFileReference; lastKnownFileType = sourcecode.swift; path = TableView_ViewController.swift; sourceTree = "<group>"; };
		2E9663B32A02380300D92D2A /* MainViewController.swift */ = {isa = PBXFileReference; lastKnownFileType = sourcecode.swift; path = MainViewController.swift; sourceTree = "<group>"; };
		2E9663B82A0242E900D92D2A /* Extension_UIView.swift */ = {isa = PBXFileReference; lastKnownFileType = sourcecode.swift; path = Extension_UIView.swift; sourceTree = "<group>"; };
		2E9663BA2A02594100D92D2A /* MyCell1.swift */ = {isa = PBXFileReference; lastKnownFileType = sourcecode.swift; path = MyCell1.swift; sourceTree = "<group>"; };
		2E9663BE2A02601F00D92D2A /* TableViewController_Mission.swift */ = {isa = PBXFileReference; lastKnownFileType = sourcecode.swift; path = TableViewController_Mission.swift; sourceTree = "<group>"; };
		2EDD44F32A00B27600656EAE /* week5.app */ = {isa = PBXFileReference; explicitFileType = wrapper.application; includeInIndex = 0; path = week5.app; sourceTree = BUILT_PRODUCTS_DIR; };
		2EDD44F62A00B27600656EAE /* AppDelegate.swift */ = {isa = PBXFileReference; lastKnownFileType = sourcecode.swift; path = AppDelegate.swift; sourceTree = "<group>"; };
		2EDD44F82A00B27600656EAE /* SceneDelegate.swift */ = {isa = PBXFileReference; lastKnownFileType = sourcecode.swift; path = SceneDelegate.swift; sourceTree = "<group>"; };
		2EDD44FA2A00B27600656EAE /* ViewController.swift */ = {isa = PBXFileReference; lastKnownFileType = sourcecode.swift; path = ViewController.swift; sourceTree = "<group>"; };
		2EDD44FD2A00B27600656EAE /* Base */ = {isa = PBXFileReference; lastKnownFileType = file.storyboard; name = Base; path = Base.lproj/Main.storyboard; sourceTree = "<group>"; };
		2EDD44FF2A00B27700656EAE /* Assets.xcassets */ = {isa = PBXFileReference; lastKnownFileType = folder.assetcatalog; path = Assets.xcassets; sourceTree = "<group>"; };
		2EDD45022A00B27700656EAE /* Base */ = {isa = PBXFileReference; lastKnownFileType = file.storyboard; name = Base; path = Base.lproj/LaunchScreen.storyboard; sourceTree = "<group>"; };
		2EDD45042A00B27700656EAE /* Info.plist */ = {isa = PBXFileReference; lastKnownFileType = text.plist.xml; path = Info.plist; sourceTree = "<group>"; };
		2EDD450A2A00BE4900656EAE /* ViewController1.swift */ = {isa = PBXFileReference; lastKnownFileType = sourcecode.swift; path = ViewController1.swift; sourceTree = "<group>"; };
		2EDD450C2A00F4C700656EAE /* MyCell.swift */ = {isa = PBXFileReference; lastKnownFileType = sourcecode.swift; path = MyCell.swift; sourceTree = "<group>"; };
/* End PBXFileReference section */

/* Begin PBXFrameworksBuildPhase section */
		2EDD44F02A00B27600656EAE /* Frameworks */ = {
			isa = PBXFrameworksBuildPhase;
			buildActionMask = 2147483647;
			files = (
			);
			runOnlyForDeploymentPostprocessing = 0;
		};
/* End PBXFrameworksBuildPhase section */

/* Begin PBXGroup section */
		2E9663B52A0239CD00D92D2A /* VCs */ = {
			isa = PBXGroup;
			children = (
				2E31D9962A00F8460056C76B /* TableView_ViewController.swift */,
				2E9663B32A02380300D92D2A /* MainViewController.swift */,
				2EDD44FA2A00B27600656EAE /* ViewController.swift */,
				2EDD450A2A00BE4900656EAE /* ViewController1.swift */,
				2E9663BE2A02601F00D92D2A /* TableViewController_Mission.swift */,
			);
			path = VCs;
			sourceTree = "<group>";
		};
		2E9663B62A0239DF00D92D2A /* Delegate */ = {
			isa = PBXGroup;
			children = (
				2EDD44F62A00B27600656EAE /* AppDelegate.swift */,
				2EDD44F82A00B27600656EAE /* SceneDelegate.swift */,
			);
			path = Delegate;
			sourceTree = "<group>";
		};
		2E9663B72A0239FD00D92D2A /* SBs */ = {
			isa = PBXGroup;
			children = (
				2EDD44FC2A00B27600656EAE /* Main.storyboard */,
				2EDD45012A00B27700656EAE /* LaunchScreen.storyboard */,
			);
			path = SBs;
			sourceTree = "<group>";
		};
		2EDD44EA2A00B27600656EAE = {
			isa = PBXGroup;
			children = (
				2EDD44F52A00B27600656EAE /* week5 */,
				2EDD44F42A00B27600656EAE /* Products */,
			);
			sourceTree = "<group>";
		};
		2EDD44F42A00B27600656EAE /* Products */ = {
			isa = PBXGroup;
			children = (
				2EDD44F32A00B27600656EAE /* week5.app */,
			);
			name = Products;
			sourceTree = "<group>";
		};
		2EDD44F52A00B27600656EAE /* week5 */ = {
			isa = PBXGroup;
			children = (
				2E9663B82A0242E900D92D2A /* Extension_UIView.swift */,
				2E9663B62A0239DF00D92D2A /* Delegate */,
				2E9663B72A0239FD00D92D2A /* SBs */,
				2EDD44FF2A00B27700656EAE /* Assets.xcassets */,
				2EDD45042A00B27700656EAE /* Info.plist */,
				2EDD450C2A00F4C700656EAE /* MyCell.swift */,
				2E9663BA2A02594100D92D2A /* MyCell1.swift */,
				2E9663B52A0239CD00D92D2A /* VCs */,
			);
			path = week5;
			sourceTree = "<group>";
		};
/* End PBXGroup section */

/* Begin PBXNativeTarget section */
		2EDD44F22A00B27600656EAE /* week5 */ = {
			isa = PBXNativeTarget;
			buildConfigurationList = 2EDD45072A00B27700656EAE /* Build configuration list for PBXNativeTarget "week5" */;
			buildPhases = (
				2EDD44EF2A00B27600656EAE /* Sources */,
				2EDD44F02A00B27600656EAE /* Frameworks */,
				2EDD44F12A00B27600656EAE /* Resources */,
			);
			buildRules = (
			);
			dependencies = (
			);
			name = week5;
			productName = week5;
			productReference = 2EDD44F32A00B27600656EAE /* week5.app */;
			productType = "com.apple.product-type.application";
		};
/* End PBXNativeTarget section */

/* Begin PBXProject section */
		2EDD44EB2A00B27600656EAE /* Project object */ = {
			isa = PBXProject;
			attributes = {
				BuildIndependentTargetsInParallel = 1;
				LastSwiftUpdateCheck = 1420;
				LastUpgradeCheck = 1420;
				TargetAttributes = {
					2EDD44F22A00B27600656EAE = {
						CreatedOnToolsVersion = 14.2;
					};
				};
			};
			buildConfigurationList = 2EDD44EE2A00B27600656EAE /* Build configuration list for PBXProject "week5" */;
			compatibilityVersion = "Xcode 14.0";
			developmentRegion = en;
			hasScannedForEncodings = 0;
			knownRegions = (
				en,
				Base,
			);
			mainGroup = 2EDD44EA2A00B27600656EAE;
			productRefGroup = 2EDD44F42A00B27600656EAE /* Products */;
			projectDirPath = "";
			projectRoot = "";
			targets = (
				2EDD44F22A00B27600656EAE /* week5 */,
			);
		};
/* End PBXProject section */

/* Begin PBXResourcesBuildPhase section */
		2EDD44F12A00B27600656EAE /* Resources */ = {
			isa = PBXResourcesBuildPhase;
			buildActionMask = 2147483647;
			files = (
				2EDD45032A00B27700656EAE /* LaunchScreen.storyboard in Resources */,
				2EDD45002A00B27700656EAE /* Assets.xcassets in Resources */,
				2EDD44FE2A00B27600656EAE /* Main.storyboard in Resources */,
			);
			runOnlyForDeploymentPostprocessing = 0;
		};
/* End PBXResourcesBuildPhase section */

/* Begin PBXSourcesBuildPhase section */
		2EDD44EF2A00B27600656EAE /* Sources */ = {
			isa = PBXSourcesBuildPhase;
			buildActionMask = 2147483647;
			files = (
				2E9663BB2A02594100D92D2A /* MyCell1.swift in Sources */,
				2E9663B42A02380300D92D2A /* MainViewController.swift in Sources */,
				2E31D9972A00F8460056C76B /* TableView_ViewController.swift in Sources */,
				2EDD450B2A00BE4900656EAE /* ViewController1.swift in Sources */,
				2EDD450D2A00F4C700656EAE /* MyCell.swift in Sources */,
				2EDD44FB2A00B27600656EAE /* ViewController.swift in Sources */,
				2E9663BF2A02601F00D92D2A /* TableViewController_Mission.swift in Sources */,
				2EDD44F72A00B27600656EAE /* AppDelegate.swift in Sources */,
				2E9663B92A0242E900D92D2A /* Extension_UIView.swift in Sources */,
				2EDD44F92A00B27600656EAE /* SceneDelegate.swift in Sources */,
			);
			runOnlyForDeploymentPostprocessing = 0;
		};
/* End PBXSourcesBuildPhase section */

/* Begin PBXVariantGroup section */
		2EDD44FC2A00B27600656EAE /* Main.storyboard */ = {
			isa = PBXVariantGroup;
			children = (
				2EDD44FD2A00B27600656EAE /* Base */,
			);
			name = Main.storyboard;
			sourceTree = "<group>";
		};
		2EDD45012A00B27700656EAE /* LaunchScreen.storyboard */ = {
			isa = PBXVariantGroup;
			children = (
				2EDD45022A00B27700656EAE /* Base */,
			);
			name = LaunchScreen.storyboard;
			sourceTree = "<group>";
		};
/* End PBXVariantGroup section */

/* Begin XCBuildConfiguration section */
		2EDD45052A00B27700656EAE /* Debug */ = {
			isa = XCBuildConfiguration;
			buildSettings = {
				ALWAYS_SEARCH_USER_PATHS = NO;
				CLANG_ANALYZER_NONNULL = YES;
				CLANG_ANALYZER_NUMBER_OBJECT_CONVERSION = YES_AGGRESSIVE;
				CLANG_CXX_LANGUAGE_STANDARD = "gnu++20";
				CLANG_ENABLE_MODULES = YES;
				CLANG_ENABLE_OBJC_ARC = YES;
				CLANG_ENABLE_OBJC_WEAK = YES;
				CLANG_WARN_BLOCK_CAPTURE_AUTORELEASING = YES;
				CLANG_WARN_BOOL_CONVERSION = YES;
				CLANG_WARN_COMMA = YES;
				CLANG_WARN_CONSTANT_CONVERSION = YES;
				CLANG_WARN_DEPRECATED_OBJC_IMPLEMENTATIONS = YES;
				CLANG_WARN_DIRECT_OBJC_ISA_USAGE = YES_ERROR;
				CLANG_WARN_DOCUMENTATION_COMMENTS = YES;
				CLANG_WARN_EMPTY_BODY = YES;
				CLANG_WARN_ENUM_CONVERSION = YES;
				CLANG_WARN_INFINITE_RECURSION = YES;
				CLANG_WARN_INT_CONVERSION = YES;
				CLANG_WARN_NON_LITERAL_NULL_CONVERSION = YES;
				CLANG_WARN_OBJC_IMPLICIT_RETAIN_SELF = YES;
				CLANG_WARN_OBJC_LITERAL_CONVERSION = YES;
				CLANG_WARN_OBJC_ROOT_CLASS = YES_ERROR;
				CLANG_WARN_QUOTED_INCLUDE_IN_FRAMEWORK_HEADER = YES;
				CLANG_WARN_RANGE_LOOP_ANALYSIS = YES;
				CLANG_WARN_STRICT_PROTOTYPES = YES;
				CLANG_WARN_SUSPICIOUS_MOVE = YES;
				CLANG_WARN_UNGUARDED_AVAILABILITY = YES_AGGRESSIVE;
				CLANG_WARN_UNREACHABLE_CODE = YES;
				CLANG_WARN__DUPLICATE_METHOD_MATCH = YES;
				COPY_PHASE_STRIP = NO;
				DEBUG_INFORMATION_FORMAT = dwarf;
				ENABLE_STRICT_OBJC_MSGSEND = YES;
				ENABLE_TESTABILITY = YES;
				GCC_C_LANGUAGE_STANDARD = gnu11;
				GCC_DYNAMIC_NO_PIC = NO;
				GCC_NO_COMMON_BLOCKS = YES;
				GCC_OPTIMIZATION_LEVEL = 0;
				GCC_PREPROCESSOR_DEFINITIONS = (
					"DEBUG=1",
					"$(inherited)",
				);
				GCC_WARN_64_TO_32_BIT_CONVERSION = YES;
				GCC_WARN_ABOUT_RETURN_TYPE = YES_ERROR;
				GCC_WARN_UNDECLARED_SELECTOR = YES;
				GCC_WARN_UNINITIALIZED_AUTOS = YES_AGGRESSIVE;
				GCC_WARN_UNUSED_FUNCTION = YES;
				GCC_WARN_UNUSED_VARIABLE = YES;
				IPHONEOS_DEPLOYMENT_TARGET = 16.2;
				MTL_ENABLE_DEBUG_INFO = INCLUDE_SOURCE;
				MTL_FAST_MATH = YES;
				ONLY_ACTIVE_ARCH = YES;
				SDKROOT = iphoneos;
				SWIFT_ACTIVE_COMPILATION_CONDITIONS = DEBUG;
				SWIFT_OPTIMIZATION_LEVEL = "-Onone";
			};
			name = Debug;
		};
		2EDD45062A00B27700656EAE /* Release */ = {
			isa = XCBuildConfiguration;
			buildSettings = {
				ALWAYS_SEARCH_USER_PATHS = NO;
				CLANG_ANALYZER_NONNULL = YES;
				CLANG_ANALYZER_NUMBER_OBJECT_CONVERSION = YES_AGGRESSIVE;
				CLANG_CXX_LANGUAGE_STANDARD = "gnu++20";
				CLANG_ENABLE_MODULES = YES;
				CLANG_ENABLE_OBJC_ARC = YES;
				CLANG_ENABLE_OBJC_WEAK = YES;
				CLANG_WARN_BLOCK_CAPTURE_AUTORELEASING = YES;
				CLANG_WARN_BOOL_CONVERSION = YES;
				CLANG_WARN_COMMA = YES;
				CLANG_WARN_CONSTANT_CONVERSION = YES;
				CLANG_WARN_DEPRECATED_OBJC_IMPLEMENTATIONS = YES;
				CLANG_WARN_DIRECT_OBJC_ISA_USAGE = YES_ERROR;
				CLANG_WARN_DOCUMENTATION_COMMENTS = YES;
				CLANG_WARN_EMPTY_BODY = YES;
				CLANG_WARN_ENUM_CONVERSION = YES;
				CLANG_WARN_INFINITE_RECURSION = YES;
				CLANG_WARN_INT_CONVERSION = YES;
				CLANG_WARN_NON_LITERAL_NULL_CONVERSION = YES;
				CLANG_WARN_OBJC_IMPLICIT_RETAIN_SELF = YES;
				CLANG_WARN_OBJC_LITERAL_CONVERSION = YES;
				CLANG_WARN_OBJC_ROOT_CLASS = YES_ERROR;
				CLANG_WARN_QUOTED_INCLUDE_IN_FRAMEWORK_HEADER = YES;
				CLANG_WARN_RANGE_LOOP_ANALYSIS = YES;
				CLANG_WARN_STRICT_PROTOTYPES = YES;
				CLANG_WARN_SUSPICIOUS_MOVE = YES;
				CLANG_WARN_UNGUARDED_AVAILABILITY = YES_AGGRESSIVE;
				CLANG_WARN_UNREACHABLE_CODE = YES;
				CLANG_WARN__DUPLICATE_METHOD_MATCH = YES;
				COPY_PHASE_STRIP = NO;
				DEBUG_INFORMATION_FORMAT = "dwarf-with-dsym";
				ENABLE_NS_ASSERTIONS = NO;
				ENABLE_STRICT_OBJC_MSGSEND = YES;
				GCC_C_LANGUAGE_STANDARD = gnu11;
				GCC_NO_COMMON_BLOCKS = YES;
				GCC_WARN_64_TO_32_BIT_CONVERSION = YES;
				GCC_WARN_ABOUT_RETURN_TYPE = YES_ERROR;
				GCC_WARN_UNDECLARED_SELECTOR = YES;
				GCC_WARN_UNINITIALIZED_AUTOS = YES_AGGRESSIVE;
				GCC_WARN_UNUSED_FUNCTION = YES;
				GCC_WARN_UNUSED_VARIABLE = YES;
				IPHONEOS_DEPLOYMENT_TARGET = 16.2;
				MTL_ENABLE_DEBUG_INFO = NO;
				MTL_FAST_MATH = YES;
				SDKROOT = iphoneos;
				SWIFT_COMPILATION_MODE = wholemodule;
				SWIFT_OPTIMIZATION_LEVEL = "-O";
				VALIDATE_PRODUCT = YES;
			};
			name = Release;
		};
		2EDD45082A00B27700656EAE /* Debug */ = {
			isa = XCBuildConfiguration;
			buildSettings = {
				ASSETCATALOG_COMPILER_APPICON_NAME = AppIcon;
				ASSETCATALOG_COMPILER_GLOBAL_ACCENT_COLOR_NAME = AccentColor;
				CODE_SIGN_STYLE = Automatic;
				CURRENT_PROJECT_VERSION = 1;
				DEVELOPMENT_TEAM = NJWZGJTLYN;
				GENERATE_INFOPLIST_FILE = YES;
				INFOPLIST_FILE = week5/Info.plist;
				INFOPLIST_KEY_UIApplicationSupportsIndirectInputEvents = YES;
				INFOPLIST_KEY_UILaunchStoryboardName = LaunchScreen;
				INFOPLIST_KEY_UIMainStoryboardFile = Main;
				INFOPLIST_KEY_UISupportedInterfaceOrientations_iPad = "UIInterfaceOrientationPortrait UIInterfaceOrientationPortraitUpsideDown UIInterfaceOrientationLandscapeLeft UIInterfaceOrientationLandscapeRight";
				INFOPLIST_KEY_UISupportedInterfaceOrientations_iPhone = "UIInterfaceOrientationPortrait UIInterfaceOrientationLandscapeLeft UIInterfaceOrientationLandscapeRight";
				LD_RUNPATH_SEARCH_PATHS = (
					"$(inherited)",
					"@executable_path/Frameworks",
				);
				MARKETING_VERSION = 1.0;
				PRODUCT_BUNDLE_IDENTIFIER = yoonsublim.week5;
				PRODUCT_NAME = "$(TARGET_NAME)";
				SWIFT_EMIT_LOC_STRINGS = YES;
				SWIFT_VERSION = 5.0;
				TARGETED_DEVICE_FAMILY = "1,2";
			};
			name = Debug;
		};
		2EDD45092A00B27700656EAE /* Release */ = {
			isa = XCBuildConfiguration;
			buildSettings = {
				ASSETCATALOG_COMPILER_APPICON_NAME = AppIcon;
				ASSETCATALOG_COMPILER_GLOBAL_ACCENT_COLOR_NAME = AccentColor;
				CODE_SIGN_STYLE = Automatic;
				CURRENT_PROJECT_VERSION = 1;
				DEVELOPMENT_TEAM = NJWZGJTLYN;
				GENERATE_INFOPLIST_FILE = YES;
				INFOPLIST_FILE = week5/Info.plist;
				INFOPLIST_KEY_UIApplicationSupportsIndirectInputEvents = YES;
				INFOPLIST_KEY_UILaunchStoryboardName = LaunchScreen;
				INFOPLIST_KEY_UIMainStoryboardFile = Main;
				INFOPLIST_KEY_UISupportedInterfaceOrientations_iPad = "UIInterfaceOrientationPortrait UIInterfaceOrientationPortraitUpsideDown UIInterfaceOrientationLandscapeLeft UIInterfaceOrientationLandscapeRight";
				INFOPLIST_KEY_UISupportedInterfaceOrientations_iPhone = "UIInterfaceOrientationPortrait UIInterfaceOrientationLandscapeLeft UIInterfaceOrientationLandscapeRight";
				LD_RUNPATH_SEARCH_PATHS = (
					"$(inherited)",
					"@executable_path/Frameworks",
				);
				MARKETING_VERSION = 1.0;
				PRODUCT_BUNDLE_IDENTIFIER = yoonsublim.week5;
				PRODUCT_NAME = "$(TARGET_NAME)";
				SWIFT_EMIT_LOC_STRINGS = YES;
				SWIFT_VERSION = 5.0;
				TARGETED_DEVICE_FAMILY = "1,2";
			};
			name = Release;
		};
/* End XCBuildConfiguration section */

/* Begin XCConfigurationList section */
		2EDD44EE2A00B27600656EAE /* Build configuration list for PBXProject "week5" */ = {
			isa = XCConfigurationList;
			buildConfigurations = (
				2EDD45052A00B27700656EAE /* Debug */,
				2EDD45062A00B27700656EAE /* Release */,
			);
			defaultConfigurationIsVisible = 0;
			defaultConfigurationName = Release;
		};
		2EDD45072A00B27700656EAE /* Build configuration list for PBXNativeTarget "week5" */ = {
			isa = XCConfigurationList;
			buildConfigurations = (
				2EDD45082A00B27700656EAE /* Debug */,
				2EDD45092A00B27700656EAE /* Release */,
			);
			defaultConfigurationIsVisible = 0;
			defaultConfigurationName = Release;
		};
/* End XCConfigurationList section */
	};
	rootObject = 2EDD44EB2A00B27600656EAE /* Project object */;
}
