// !$*UTF8*$!
{
	archiveVersion = 1;
	classes = {
	};
	objectVersion = 56;
	objects = {

/* Begin PBXBuildFile section */
		1AE4C13429DA71E40049E539 /* AppDelegate.swift in Sources */ = {isa = PBXBuildFile; fileRef = 1AE4C13329DA71E40049E539 /* AppDelegate.swift */; };
		1AE4C13629DA71E40049E539 /* SceneDelegate.swift in Sources */ = {isa = PBXBuildFile; fileRef = 1AE4C13529DA71E40049E539 /* SceneDelegate.swift */; };
		1AE4C13829DA71E40049E539 /* ViewController.swift in Sources */ = {isa = PBXBuildFile; fileRef = 1AE4C13729DA71E40049E539 /* ViewController.swift */; };
		1AE4C13B29DA71E40049E539 /* Main.storyboard in Resources */ = {isa = PBXBuildFile; fileRef = 1AE4C13929DA71E40049E539 /* Main.storyboard */; };
		1AE4C13D29DA71E50049E539 /* Assets.xcassets in Resources */ = {isa = PBXBuildFile; fileRef = 1AE4C13C29DA71E50049E539 /* Assets.xcassets */; };
		1AE4C14029DA71E50049E539 /* LaunchScreen.storyboard in Resources */ = {isa = PBXBuildFile; fileRef = 1AE4C13E29DA71E50049E539 /* LaunchScreen.storyboard */; };
		1AE4C14829DA74E50049E539 /* Login.storyboard in Resources */ = {isa = PBXBuildFile; fileRef = 1AE4C14729DA74E50049E539 /* Login.storyboard */; };
		1AE4C14A29DA752C0049E539 /* Order.storyboard in Resources */ = {isa = PBXBuildFile; fileRef = 1AE4C14929DA752C0049E539 /* Order.storyboard */; };
		1AE4C14F29DA7F430049E539 /* LoginViewController.swift in Sources */ = {isa = PBXBuildFile; fileRef = 1AE4C14E29DA7F430049E539 /* LoginViewController.swift */; };
		1AE4C15129DA7F5B0049E539 /* OrderViewController.swift in Sources */ = {isa = PBXBuildFile; fileRef = 1AE4C15029DA7F5B0049E539 /* OrderViewController.swift */; };
		1AE4C15529DA805A0049E539 /* BMHANNAAir_ttf.ttf in Resources */ = {isa = PBXBuildFile; fileRef = 1AE4C15429DA805A0049E539 /* BMHANNAAir_ttf.ttf */; };
		1AE4C15729DA80660049E539 /* BMHANNAPro.ttf in Resources */ = {isa = PBXBuildFile; fileRef = 1AE4C15629DA80660049E539 /* BMHANNAPro.ttf */; };
		1AE4C15929DAAFE20049E539 /* foodButton.swift in Sources */ = {isa = PBXBuildFile; fileRef = 1AE4C15829DAAFE20049E539 /* foodButton.swift */; };
		1AE4C15B29DAAFF80049E539 /* foodButton.xib in Resources */ = {isa = PBXBuildFile; fileRef = 1AE4C15A29DAAFF80049E539 /* foodButton.xib */; };
/* End PBXBuildFile section */

/* Begin PBXFileReference section */
		1AE4C13029DA71E40049E539 /* baemin.app */ = {isa = PBXFileReference; explicitFileType = wrapper.application; includeInIndex = 0; path = baemin.app; sourceTree = BUILT_PRODUCTS_DIR; };
		1AE4C13329DA71E40049E539 /* AppDelegate.swift */ = {isa = PBXFileReference; lastKnownFileType = sourcecode.swift; path = AppDelegate.swift; sourceTree = "<group>"; };
		1AE4C13529DA71E40049E539 /* SceneDelegate.swift */ = {isa = PBXFileReference; lastKnownFileType = sourcecode.swift; path = SceneDelegate.swift; sourceTree = "<group>"; };
		1AE4C13729DA71E40049E539 /* ViewController.swift */ = {isa = PBXFileReference; lastKnownFileType = sourcecode.swift; path = ViewController.swift; sourceTree = "<group>"; };
		1AE4C13A29DA71E40049E539 /* Base */ = {isa = PBXFileReference; lastKnownFileType = file.storyboard; name = Base; path = Base.lproj/Main.storyboard; sourceTree = "<group>"; };
		1AE4C13C29DA71E50049E539 /* Assets.xcassets */ = {isa = PBXFileReference; lastKnownFileType = folder.assetcatalog; path = Assets.xcassets; sourceTree = "<group>"; };
		1AE4C13F29DA71E50049E539 /* Base */ = {isa = PBXFileReference; lastKnownFileType = file.storyboard; name = Base; path = Base.lproj/LaunchScreen.storyboard; sourceTree = "<group>"; };
		1AE4C14129DA71E50049E539 /* Info.plist */ = {isa = PBXFileReference; lastKnownFileType = text.plist.xml; path = Info.plist; sourceTree = "<group>"; };
		1AE4C14729DA74E50049E539 /* Login.storyboard */ = {isa = PBXFileReference; lastKnownFileType = file.storyboard; path = Login.storyboard; sourceTree = "<group>"; };
		1AE4C14929DA752C0049E539 /* Order.storyboard */ = {isa = PBXFileReference; lastKnownFileType = file.storyboard; path = Order.storyboard; sourceTree = "<group>"; };
		1AE4C14E29DA7F430049E539 /* LoginViewController.swift */ = {isa = PBXFileReference; lastKnownFileType = sourcecode.swift; name = LoginViewController.swift; path = baemin/VCS/LoginViewController.swift; sourceTree = SOURCE_ROOT; };
		1AE4C15029DA7F5B0049E539 /* OrderViewController.swift */ = {isa = PBXFileReference; lastKnownFileType = sourcecode.swift; path = OrderViewController.swift; sourceTree = "<group>"; };
		1AE4C15429DA805A0049E539 /* BMHANNAAir_ttf.ttf */ = {isa = PBXFileReference; lastKnownFileType = file; path = BMHANNAAir_ttf.ttf; sourceTree = "<group>"; };
		1AE4C15629DA80660049E539 /* BMHANNAPro.ttf */ = {isa = PBXFileReference; lastKnownFileType = file; path = BMHANNAPro.ttf; sourceTree = "<group>"; };
		1AE4C15829DAAFE20049E539 /* foodButton.swift */ = {isa = PBXFileReference; lastKnownFileType = sourcecode.swift; path = foodButton.swift; sourceTree = "<group>"; };
		1AE4C15A29DAAFF80049E539 /* foodButton.xib */ = {isa = PBXFileReference; lastKnownFileType = file.xib; path = foodButton.xib; sourceTree = "<group>"; };
/* End PBXFileReference section */

/* Begin PBXFrameworksBuildPhase section */
		1AE4C12D29DA71E40049E539 /* Frameworks */ = {
			isa = PBXFrameworksBuildPhase;
			buildActionMask = 2147483647;
			files = (
			);
			runOnlyForDeploymentPostprocessing = 0;
		};
/* End PBXFrameworksBuildPhase section */

/* Begin PBXGroup section */
		1AE4C12729DA71E40049E539 = {
			isa = PBXGroup;
			children = (
				1AE4C13229DA71E40049E539 /* baemin */,
				1AE4C13129DA71E40049E539 /* Products */,
			);
			sourceTree = "<group>";
		};
		1AE4C13129DA71E40049E539 /* Products */ = {
			isa = PBXGroup;
			children = (
				1AE4C13029DA71E40049E539 /* baemin.app */,
			);
			name = Products;
			sourceTree = "<group>";
		};
		1AE4C13229DA71E40049E539 /* baemin */ = {
			isa = PBXGroup;
			children = (
				1AE4C13329DA71E40049E539 /* AppDelegate.swift */,
				1AE4C13529DA71E40049E539 /* SceneDelegate.swift */,
				1AE4C15229DA7F900049E539 /* VCS */,
				1AE4C13C29DA71E50049E539 /* Assets.xcassets */,
				1AE4C14129DA71E50049E539 /* Info.plist */,
				1AE4C15829DAAFE20049E539 /* foodButton.swift */,
				1AE4C15A29DAAFF80049E539 /* foodButton.xib */,
				1AE4C15329DA800D0049E539 /* Fonts */,
				1AE4C14B29DA754A0049E539 /* Storyboard */,
			);
			path = baemin;
			sourceTree = "<group>";
		};
		1AE4C14B29DA754A0049E539 /* Storyboard */ = {
			isa = PBXGroup;
			children = (
				1AE4C14929DA752C0049E539 /* Order.storyboard */,
				1AE4C13E29DA71E50049E539 /* LaunchScreen.storyboard */,
				1AE4C14729DA74E50049E539 /* Login.storyboard */,
				1AE4C13929DA71E40049E539 /* Main.storyboard */,
			);
			path = Storyboard;
			sourceTree = "<group>";
		};
		1AE4C15229DA7F900049E539 /* VCS */ = {
			isa = PBXGroup;
			children = (
				1AE4C13729DA71E40049E539 /* ViewController.swift */,
				1AE4C14E29DA7F430049E539 /* LoginViewController.swift */,
				1AE4C15029DA7F5B0049E539 /* OrderViewController.swift */,
			);
			path = VCS;
			sourceTree = "<group>";
		};
		1AE4C15329DA800D0049E539 /* Fonts */ = {
			isa = PBXGroup;
			children = (
				1AE4C15429DA805A0049E539 /* BMHANNAAir_ttf.ttf */,
				1AE4C15629DA80660049E539 /* BMHANNAPro.ttf */,
			);
			path = Fonts;
			sourceTree = "<group>";
		};
/* End PBXGroup section */

/* Begin PBXNativeTarget section */
		1AE4C12F29DA71E40049E539 /* baemin */ = {
			isa = PBXNativeTarget;
			buildConfigurationList = 1AE4C14429DA71E50049E539 /* Build configuration list for PBXNativeTarget "baemin" */;
			buildPhases = (
				1AE4C12C29DA71E40049E539 /* Sources */,
				1AE4C12D29DA71E40049E539 /* Frameworks */,
				1AE4C12E29DA71E40049E539 /* Resources */,
			);
			buildRules = (
			);
			dependencies = (
			);
			name = baemin;
			productName = baemin;
			productReference = 1AE4C13029DA71E40049E539 /* baemin.app */;
			productType = "com.apple.product-type.application";
		};
/* End PBXNativeTarget section */

/* Begin PBXProject section */
		1AE4C12829DA71E40049E539 /* Project object */ = {
			isa = PBXProject;
			attributes = {
				BuildIndependentTargetsInParallel = 1;
				LastSwiftUpdateCheck = 1420;
				LastUpgradeCheck = 1420;
				TargetAttributes = {
					1AE4C12F29DA71E40049E539 = {
						CreatedOnToolsVersion = 14.2;
					};
				};
			};
			buildConfigurationList = 1AE4C12B29DA71E40049E539 /* Build configuration list for PBXProject "baemin" */;
			compatibilityVersion = "Xcode 14.0";
			developmentRegion = en;
			hasScannedForEncodings = 0;
			knownRegions = (
				en,
				Base,
			);
			mainGroup = 1AE4C12729DA71E40049E539;
			productRefGroup = 1AE4C13129DA71E40049E539 /* Products */;
			projectDirPath = "";
			projectRoot = "";
			targets = (
				1AE4C12F29DA71E40049E539 /* baemin */,
			);
		};
/* End PBXProject section */

/* Begin PBXResourcesBuildPhase section */
		1AE4C12E29DA71E40049E539 /* Resources */ = {
			isa = PBXResourcesBuildPhase;
			buildActionMask = 2147483647;
			files = (
				1AE4C14A29DA752C0049E539 /* Order.storyboard in Resources */,
				1AE4C14829DA74E50049E539 /* Login.storyboard in Resources */,
				1AE4C14029DA71E50049E539 /* LaunchScreen.storyboard in Resources */,
				1AE4C15B29DAAFF80049E539 /* foodButton.xib in Resources */,
				1AE4C15729DA80660049E539 /* BMHANNAPro.ttf in Resources */,
				1AE4C13D29DA71E50049E539 /* Assets.xcassets in Resources */,
				1AE4C15529DA805A0049E539 /* BMHANNAAir_ttf.ttf in Resources */,
				1AE4C13B29DA71E40049E539 /* Main.storyboard in Resources */,
			);
			runOnlyForDeploymentPostprocessing = 0;
		};
/* End PBXResourcesBuildPhase section */

/* Begin PBXSourcesBuildPhase section */
		1AE4C12C29DA71E40049E539 /* Sources */ = {
			isa = PBXSourcesBuildPhase;
			buildActionMask = 2147483647;
			files = (
				1AE4C14F29DA7F430049E539 /* LoginViewController.swift in Sources */,
				1AE4C15129DA7F5B0049E539 /* OrderViewController.swift in Sources */,
				1AE4C13829DA71E40049E539 /* ViewController.swift in Sources */,
				1AE4C15929DAAFE20049E539 /* foodButton.swift in Sources */,
				1AE4C13429DA71E40049E539 /* AppDelegate.swift in Sources */,
				1AE4C13629DA71E40049E539 /* SceneDelegate.swift in Sources */,
			);
			runOnlyForDeploymentPostprocessing = 0;
		};
/* End PBXSourcesBuildPhase section */

/* Begin PBXVariantGroup section */
		1AE4C13929DA71E40049E539 /* Main.storyboard */ = {
			isa = PBXVariantGroup;
			children = (
				1AE4C13A29DA71E40049E539 /* Base */,
			);
			name = Main.storyboard;
			sourceTree = "<group>";
		};
		1AE4C13E29DA71E50049E539 /* LaunchScreen.storyboard */ = {
			isa = PBXVariantGroup;
			children = (
				1AE4C13F29DA71E50049E539 /* Base */,
			);
			name = LaunchScreen.storyboard;
			sourceTree = "<group>";
		};
/* End PBXVariantGroup section */

/* Begin XCBuildConfiguration section */
		1AE4C14229DA71E50049E539 /* Debug */ = {
			isa = XCBuildConfiguration;
			buildSettings = {
				ALWAYS_SEARCH_USER_PATHS = NO;
				CLANG_ANALYZER_NONNULL = YES;
				CLANG_ANALYZER_NUMBER_OBJECT_CONVERSION = YES_AGGRESSIVE;
				CLANG_CXX_LANGUAGE_STANDARD = "gnu++20";
				CLANG_ENABLE_MODULES = YES;
				CLANG_ENABLE_OBJC_ARC = YES;
				CLANG_ENABLE_OBJC_WEAK = YES;
				CLANG_WARN_BLOCK_CAPTURE_AUTORELEASING = YES;
				CLANG_WARN_BOOL_CONVERSION = YES;
				CLANG_WARN_COMMA = YES;
				CLANG_WARN_CONSTANT_CONVERSION = YES;
				CLANG_WARN_DEPRECATED_OBJC_IMPLEMENTATIONS = YES;
				CLANG_WARN_DIRECT_OBJC_ISA_USAGE = YES_ERROR;
				CLANG_WARN_DOCUMENTATION_COMMENTS = YES;
				CLANG_WARN_EMPTY_BODY = YES;
				CLANG_WARN_ENUM_CONVERSION = YES;
				CLANG_WARN_INFINITE_RECURSION = YES;
				CLANG_WARN_INT_CONVERSION = YES;
				CLANG_WARN_NON_LITERAL_NULL_CONVERSION = YES;
				CLANG_WARN_OBJC_IMPLICIT_RETAIN_SELF = YES;
				CLANG_WARN_OBJC_LITERAL_CONVERSION = YES;
				CLANG_WARN_OBJC_ROOT_CLASS = YES_ERROR;
				CLANG_WARN_QUOTED_INCLUDE_IN_FRAMEWORK_HEADER = YES;
				CLANG_WARN_RANGE_LOOP_ANALYSIS = YES;
				CLANG_WARN_STRICT_PROTOTYPES = YES;
				CLANG_WARN_SUSPICIOUS_MOVE = YES;
				CLANG_WARN_UNGUARDED_AVAILABILITY = YES_AGGRESSIVE;
				CLANG_WARN_UNREACHABLE_CODE = YES;
				CLANG_WARN__DUPLICATE_METHOD_MATCH = YES;
				COPY_PHASE_STRIP = NO;
				DEBUG_INFORMATION_FORMAT = dwarf;
				ENABLE_STRICT_OBJC_MSGSEND = YES;
				ENABLE_TESTABILITY = YES;
				GCC_C_LANGUAGE_STANDARD = gnu11;
				GCC_DYNAMIC_NO_PIC = NO;
				GCC_NO_COMMON_BLOCKS = YES;
				GCC_OPTIMIZATION_LEVEL = 0;
				GCC_PREPROCESSOR_DEFINITIONS = (
					"DEBUG=1",
					"$(inherited)",
				);
				GCC_WARN_64_TO_32_BIT_CONVERSION = YES;
				GCC_WARN_ABOUT_RETURN_TYPE = YES_ERROR;
				GCC_WARN_UNDECLARED_SELECTOR = YES;
				GCC_WARN_UNINITIALIZED_AUTOS = YES_AGGRESSIVE;
				GCC_WARN_UNUSED_FUNCTION = YES;
				GCC_WARN_UNUSED_VARIABLE = YES;
				IPHONEOS_DEPLOYMENT_TARGET = 16.2;
				MTL_ENABLE_DEBUG_INFO = INCLUDE_SOURCE;
				MTL_FAST_MATH = YES;
				ONLY_ACTIVE_ARCH = YES;
				SDKROOT = iphoneos;
				SWIFT_ACTIVE_COMPILATION_CONDITIONS = DEBUG;
				SWIFT_OPTIMIZATION_LEVEL = "-Onone";
			};
			name = Debug;
		};
		1AE4C14329DA71E50049E539 /* Release */ = {
			isa = XCBuildConfiguration;
			buildSettings = {
				ALWAYS_SEARCH_USER_PATHS = NO;
				CLANG_ANALYZER_NONNULL = YES;
				CLANG_ANALYZER_NUMBER_OBJECT_CONVERSION = YES_AGGRESSIVE;
				CLANG_CXX_LANGUAGE_STANDARD = "gnu++20";
				CLANG_ENABLE_MODULES = YES;
				CLANG_ENABLE_OBJC_ARC = YES;
				CLANG_ENABLE_OBJC_WEAK = YES;
				CLANG_WARN_BLOCK_CAPTURE_AUTORELEASING = YES;
				CLANG_WARN_BOOL_CONVERSION = YES;
				CLANG_WARN_COMMA = YES;
				CLANG_WARN_CONSTANT_CONVERSION = YES;
				CLANG_WARN_DEPRECATED_OBJC_IMPLEMENTATIONS = YES;
				CLANG_WARN_DIRECT_OBJC_ISA_USAGE = YES_ERROR;
				CLANG_WARN_DOCUMENTATION_COMMENTS = YES;
				CLANG_WARN_EMPTY_BODY = YES;
				CLANG_WARN_ENUM_CONVERSION = YES;
				CLANG_WARN_INFINITE_RECURSION = YES;
				CLANG_WARN_INT_CONVERSION = YES;
				CLANG_WARN_NON_LITERAL_NULL_CONVERSION = YES;
				CLANG_WARN_OBJC_IMPLICIT_RETAIN_SELF = YES;
				CLANG_WARN_OBJC_LITERAL_CONVERSION = YES;
				CLANG_WARN_OBJC_ROOT_CLASS = YES_ERROR;
				CLANG_WARN_QUOTED_INCLUDE_IN_FRAMEWORK_HEADER = YES;
				CLANG_WARN_RANGE_LOOP_ANALYSIS = YES;
				CLANG_WARN_STRICT_PROTOTYPES = YES;
				CLANG_WARN_SUSPICIOUS_MOVE = YES;
				CLANG_WARN_UNGUARDED_AVAILABILITY = YES_AGGRESSIVE;
				CLANG_WARN_UNREACHABLE_CODE = YES;
				CLANG_WARN__DUPLICATE_METHOD_MATCH = YES;
				COPY_PHASE_STRIP = NO;
				DEBUG_INFORMATION_FORMAT = "dwarf-with-dsym";
				ENABLE_NS_ASSERTIONS = NO;
				ENABLE_STRICT_OBJC_MSGSEND = YES;
				GCC_C_LANGUAGE_STANDARD = gnu11;
				GCC_NO_COMMON_BLOCKS = YES;
				GCC_WARN_64_TO_32_BIT_CONVERSION = YES;
				GCC_WARN_ABOUT_RETURN_TYPE = YES_ERROR;
				GCC_WARN_UNDECLARED_SELECTOR = YES;
				GCC_WARN_UNINITIALIZED_AUTOS = YES_AGGRESSIVE;
				GCC_WARN_UNUSED_FUNCTION = YES;
				GCC_WARN_UNUSED_VARIABLE = YES;
				IPHONEOS_DEPLOYMENT_TARGET = 16.2;
				MTL_ENABLE_DEBUG_INFO = NO;
				MTL_FAST_MATH = YES;
				SDKROOT = iphoneos;
				SWIFT_COMPILATION_MODE = wholemodule;
				SWIFT_OPTIMIZATION_LEVEL = "-O";
				VALIDATE_PRODUCT = YES;
			};
			name = Release;
		};
		1AE4C14529DA71E50049E539 /* Debug */ = {
			isa = XCBuildConfiguration;
			buildSettings = {
				ASSETCATALOG_COMPILER_APPICON_NAME = AppIcon;
				ASSETCATALOG_COMPILER_GLOBAL_ACCENT_COLOR_NAME = AccentColor;
				CODE_SIGN_STYLE = Automatic;
				CURRENT_PROJECT_VERSION = 1;
				DEVELOPMENT_TEAM = P3Y23DZY2X;
				GENERATE_INFOPLIST_FILE = YES;
				INFOPLIST_FILE = baemin/Info.plist;
				INFOPLIST_KEY_CFBundleDisplayName = "배달의 민족";
				INFOPLIST_KEY_UIApplicationSupportsIndirectInputEvents = YES;
				INFOPLIST_KEY_UILaunchStoryboardName = LaunchScreen;
				INFOPLIST_KEY_UIMainStoryboardFile = Main;
				INFOPLIST_KEY_UISupportedInterfaceOrientations = UIInterfaceOrientationPortrait;
				IPHONEOS_DEPLOYMENT_TARGET = 13.0;
				LD_RUNPATH_SEARCH_PATHS = (
					"$(inherited)",
					"@executable_path/Frameworks",
				);
				MARKETING_VERSION = 1.0;
				PRODUCT_BUNDLE_IDENTIFIER = com.jungahyun.baemin;
				PRODUCT_NAME = "$(TARGET_NAME)";
				SWIFT_EMIT_LOC_STRINGS = YES;
				SWIFT_VERSION = 5.0;
				TARGETED_DEVICE_FAMILY = "1,2";
			};
			name = Debug;
		};
		1AE4C14629DA71E50049E539 /* Release */ = {
			isa = XCBuildConfiguration;
			buildSettings = {
				ASSETCATALOG_COMPILER_APPICON_NAME = AppIcon;
				ASSETCATALOG_COMPILER_GLOBAL_ACCENT_COLOR_NAME = AccentColor;
				CODE_SIGN_STYLE = Automatic;
				CURRENT_PROJECT_VERSION = 1;
				DEVELOPMENT_TEAM = P3Y23DZY2X;
				GENERATE_INFOPLIST_FILE = YES;
				INFOPLIST_FILE = baemin/Info.plist;
				INFOPLIST_KEY_CFBundleDisplayName = "배달의 민족";
				INFOPLIST_KEY_UIApplicationSupportsIndirectInputEvents = YES;
				INFOPLIST_KEY_UILaunchStoryboardName = LaunchScreen;
				INFOPLIST_KEY_UIMainStoryboardFile = Main;
				INFOPLIST_KEY_UISupportedInterfaceOrientations = UIInterfaceOrientationPortrait;
				IPHONEOS_DEPLOYMENT_TARGET = 13.0;
				LD_RUNPATH_SEARCH_PATHS = (
					"$(inherited)",
					"@executable_path/Frameworks",
				);
				MARKETING_VERSION = 1.0;
				PRODUCT_BUNDLE_IDENTIFIER = com.jungahyun.baemin;
				PRODUCT_NAME = "$(TARGET_NAME)";
				SWIFT_EMIT_LOC_STRINGS = YES;
				SWIFT_VERSION = 5.0;
				TARGETED_DEVICE_FAMILY = "1,2";
			};
			name = Release;
		};
/* End XCBuildConfiguration section */

/* Begin XCConfigurationList section */
		1AE4C12B29DA71E40049E539 /* Build configuration list for PBXProject "baemin" */ = {
			isa = XCConfigurationList;
			buildConfigurations = (
				1AE4C14229DA71E50049E539 /* Debug */,
				1AE4C14329DA71E50049E539 /* Release */,
			);
			defaultConfigurationIsVisible = 0;
			defaultConfigurationName = Release;
		};
		1AE4C14429DA71E50049E539 /* Build configuration list for PBXNativeTarget "baemin" */ = {
			isa = XCConfigurationList;
			buildConfigurations = (
				1AE4C14529DA71E50049E539 /* Debug */,
				1AE4C14629DA71E50049E539 /* Release */,
			);
			defaultConfigurationIsVisible = 0;
			defaultConfigurationName = Release;
		};
/* End XCConfigurationList section */
	};
	rootObject = 1AE4C12829DA71E40049E539 /* Project object */;
}
