// !$*UTF8*$!
{
	archiveVersion = 1;
	classes = {
	};
	objectVersion = 56;
	objects = {

/* Begin PBXBuildFile section */
		8B95742E2A0EDBBE0074DE34 /* AppDelegate.swift in Sources */ = {isa = PBXBuildFile; fileRef = 8B95742D2A0EDBBE0074DE34 /* AppDelegate.swift */; };
		8B9574302A0EDBBE0074DE34 /* SceneDelegate.swift in Sources */ = {isa = PBXBuildFile; fileRef = 8B95742F2A0EDBBE0074DE34 /* SceneDelegate.swift */; };
		8B9574322A0EDBBE0074DE34 /* ViewController.swift in Sources */ = {isa = PBXBuildFile; fileRef = 8B9574312A0EDBBE0074DE34 /* ViewController.swift */; };
		8B9574352A0EDBBE0074DE34 /* Main.storyboard in Resources */ = {isa = PBXBuildFile; fileRef = 8B9574332A0EDBBE0074DE34 /* Main.storyboard */; };
		8B95743A2A0EDBBF0074DE34 /* Assets.xcassets in Resources */ = {isa = PBXBuildFile; fileRef = 8B9574392A0EDBBF0074DE34 /* Assets.xcassets */; };
		8B95743D2A0EDBBF0074DE34 /* LaunchScreen.storyboard in Resources */ = {isa = PBXBuildFile; fileRef = 8B95743B2A0EDBBF0074DE34 /* LaunchScreen.storyboard */; };
		8B9574462A0F17C90074DE34 /* week7.xcdatamodeld in Sources */ = {isa = PBXBuildFile; fileRef = 8B9574442A0F17C90074DE34 /* week7.xcdatamodeld */; };
/* End PBXBuildFile section */

/* Begin PBXFileReference section */
		8B95742A2A0EDBBE0074DE34 /* week7.app */ = {isa = PBXFileReference; explicitFileType = wrapper.application; includeInIndex = 0; path = week7.app; sourceTree = BUILT_PRODUCTS_DIR; };
		8B95742D2A0EDBBE0074DE34 /* AppDelegate.swift */ = {isa = PBXFileReference; lastKnownFileType = sourcecode.swift; path = AppDelegate.swift; sourceTree = "<group>"; };
		8B95742F2A0EDBBE0074DE34 /* SceneDelegate.swift */ = {isa = PBXFileReference; lastKnownFileType = sourcecode.swift; path = SceneDelegate.swift; sourceTree = "<group>"; };
		8B9574312A0EDBBE0074DE34 /* ViewController.swift */ = {isa = PBXFileReference; lastKnownFileType = sourcecode.swift; path = ViewController.swift; sourceTree = "<group>"; };
		8B9574342A0EDBBE0074DE34 /* Base */ = {isa = PBXFileReference; lastKnownFileType = file.storyboard; name = Base; path = Base.lproj/Main.storyboard; sourceTree = "<group>"; };
		8B9574392A0EDBBF0074DE34 /* Assets.xcassets */ = {isa = PBXFileReference; lastKnownFileType = folder.assetcatalog; path = Assets.xcassets; sourceTree = "<group>"; };
		8B95743C2A0EDBBF0074DE34 /* Base */ = {isa = PBXFileReference; lastKnownFileType = file.storyboard; name = Base; path = Base.lproj/LaunchScreen.storyboard; sourceTree = "<group>"; };
		8B95743E2A0EDBBF0074DE34 /* Info.plist */ = {isa = PBXFileReference; lastKnownFileType = text.plist.xml; path = Info.plist; sourceTree = "<group>"; };
		8B9574452A0F17C90074DE34 /* week7.xcdatamodel */ = {isa = PBXFileReference; lastKnownFileType = wrapper.xcdatamodel; path = week7.xcdatamodel; sourceTree = "<group>"; };
/* End PBXFileReference section */

/* Begin PBXFrameworksBuildPhase section */
		8B9574272A0EDBBE0074DE34 /* Frameworks */ = {
			isa = PBXFrameworksBuildPhase;
			buildActionMask = 2147483647;
			files = (
			);
			runOnlyForDeploymentPostprocessing = 0;
		};
/* End PBXFrameworksBuildPhase section */

/* Begin PBXGroup section */
		8B9574212A0EDBBE0074DE34 = {
			isa = PBXGroup;
			children = (
				8B95742C2A0EDBBE0074DE34 /* week7 */,
				8B95742B2A0EDBBE0074DE34 /* Products */,
			);
			sourceTree = "<group>";
		};
		8B95742B2A0EDBBE0074DE34 /* Products */ = {
			isa = PBXGroup;
			children = (
				8B95742A2A0EDBBE0074DE34 /* week7.app */,
			);
			name = Products;
			sourceTree = "<group>";
		};
		8B95742C2A0EDBBE0074DE34 /* week7 */ = {
			isa = PBXGroup;
			children = (
				8B95742D2A0EDBBE0074DE34 /* AppDelegate.swift */,
				8B95742F2A0EDBBE0074DE34 /* SceneDelegate.swift */,
				8B9574312A0EDBBE0074DE34 /* ViewController.swift */,
				8B9574332A0EDBBE0074DE34 /* Main.storyboard */,
				8B9574392A0EDBBF0074DE34 /* Assets.xcassets */,
				8B95743B2A0EDBBF0074DE34 /* LaunchScreen.storyboard */,
				8B95743E2A0EDBBF0074DE34 /* Info.plist */,
				8B9574442A0F17C90074DE34 /* week7.xcdatamodeld */,
			);
			path = week7;
			sourceTree = "<group>";
		};
/* End PBXGroup section */

/* Begin PBXNativeTarget section */
		8B9574292A0EDBBE0074DE34 /* week7 */ = {
			isa = PBXNativeTarget;
			buildConfigurationList = 8B9574412A0EDBBF0074DE34 /* Build configuration list for PBXNativeTarget "week7" */;
			buildPhases = (
				8B9574262A0EDBBE0074DE34 /* Sources */,
				8B9574272A0EDBBE0074DE34 /* Frameworks */,
				8B9574282A0EDBBE0074DE34 /* Resources */,
			);
			buildRules = (
			);
			dependencies = (
			);
			name = week7;
			productName = week7;
			productReference = 8B95742A2A0EDBBE0074DE34 /* week7.app */;
			productType = "com.apple.product-type.application";
		};
/* End PBXNativeTarget section */

/* Begin PBXProject section */
		8B9574222A0EDBBE0074DE34 /* Project object */ = {
			isa = PBXProject;
			attributes = {
				BuildIndependentTargetsInParallel = 1;
				LastSwiftUpdateCheck = 1430;
				LastUpgradeCheck = 1430;
				TargetAttributes = {
					8B9574292A0EDBBE0074DE34 = {
						CreatedOnToolsVersion = 14.3;
					};
				};
			};
			buildConfigurationList = 8B9574252A0EDBBE0074DE34 /* Build configuration list for PBXProject "week7" */;
			compatibilityVersion = "Xcode 14.0";
			developmentRegion = en;
			hasScannedForEncodings = 0;
			knownRegions = (
				en,
				Base,
			);
			mainGroup = 8B9574212A0EDBBE0074DE34;
			productRefGroup = 8B95742B2A0EDBBE0074DE34 /* Products */;
			projectDirPath = "";
			projectRoot = "";
			targets = (
				8B9574292A0EDBBE0074DE34 /* week7 */,
			);
		};
/* End PBXProject section */

/* Begin PBXResourcesBuildPhase section */
		8B9574282A0EDBBE0074DE34 /* Resources */ = {
			isa = PBXResourcesBuildPhase;
			buildActionMask = 2147483647;
			files = (
				8B95743D2A0EDBBF0074DE34 /* LaunchScreen.storyboard in Resources */,
				8B95743A2A0EDBBF0074DE34 /* Assets.xcassets in Resources */,
				8B9574352A0EDBBE0074DE34 /* Main.storyboard in Resources */,
			);
			runOnlyForDeploymentPostprocessing = 0;
		};
/* End PBXResourcesBuildPhase section */

/* Begin PBXSourcesBuildPhase section */
		8B9574262A0EDBBE0074DE34 /* Sources */ = {
			isa = PBXSourcesBuildPhase;
			buildActionMask = 2147483647;
			files = (
				8B9574322A0EDBBE0074DE34 /* ViewController.swift in Sources */,
				8B9574462A0F17C90074DE34 /* week7.xcdatamodeld in Sources */,
				8B95742E2A0EDBBE0074DE34 /* AppDelegate.swift in Sources */,
				8B9574302A0EDBBE0074DE34 /* SceneDelegate.swift in Sources */,
			);
			runOnlyForDeploymentPostprocessing = 0;
		};
/* End PBXSourcesBuildPhase section */

/* Begin PBXVariantGroup section */
		8B9574332A0EDBBE0074DE34 /* Main.storyboard */ = {
			isa = PBXVariantGroup;
			children = (
				8B9574342A0EDBBE0074DE34 /* Base */,
			);
			name = Main.storyboard;
			sourceTree = "<group>";
		};
		8B95743B2A0EDBBF0074DE34 /* LaunchScreen.storyboard */ = {
			isa = PBXVariantGroup;
			children = (
				8B95743C2A0EDBBF0074DE34 /* Base */,
			);
			name = LaunchScreen.storyboard;
			sourceTree = "<group>";
		};
/* End PBXVariantGroup section */

/* Begin XCBuildConfiguration section */
		8B95743F2A0EDBBF0074DE34 /* Debug */ = {
			isa = XCBuildConfiguration;
			buildSettings = {
				ALWAYS_SEARCH_USER_PATHS = NO;
				CLANG_ANALYZER_NONNULL = YES;
				CLANG_ANALYZER_NUMBER_OBJECT_CONVERSION = YES_AGGRESSIVE;
				CLANG_CXX_LANGUAGE_STANDARD = "gnu++20";
				CLANG_ENABLE_MODULES = YES;
				CLANG_ENABLE_OBJC_ARC = YES;
				CLANG_ENABLE_OBJC_WEAK = YES;
				CLANG_WARN_BLOCK_CAPTURE_AUTORELEASING = YES;
				CLANG_WARN_BOOL_CONVERSION = YES;
				CLANG_WARN_COMMA = YES;
				CLANG_WARN_CONSTANT_CONVERSION = YES;
				CLANG_WARN_DEPRECATED_OBJC_IMPLEMENTATIONS = YES;
				CLANG_WARN_DIRECT_OBJC_ISA_USAGE = YES_ERROR;
				CLANG_WARN_DOCUMENTATION_COMMENTS = YES;
				CLANG_WARN_EMPTY_BODY = YES;
				CLANG_WARN_ENUM_CONVERSION = YES;
				CLANG_WARN_INFINITE_RECURSION = YES;
				CLANG_WARN_INT_CONVERSION = YES;
				CLANG_WARN_NON_LITERAL_NULL_CONVERSION = YES;
				CLANG_WARN_OBJC_IMPLICIT_RETAIN_SELF = YES;
				CLANG_WARN_OBJC_LITERAL_CONVERSION = YES;
				CLANG_WARN_OBJC_ROOT_CLASS = YES_ERROR;
				CLANG_WARN_QUOTED_INCLUDE_IN_FRAMEWORK_HEADER = YES;
				CLANG_WARN_RANGE_LOOP_ANALYSIS = YES;
				CLANG_WARN_STRICT_PROTOTYPES = YES;
				CLANG_WARN_SUSPICIOUS_MOVE = YES;
				CLANG_WARN_UNGUARDED_AVAILABILITY = YES_AGGRESSIVE;
				CLANG_WARN_UNREACHABLE_CODE = YES;
				CLANG_WARN__DUPLICATE_METHOD_MATCH = YES;
				COPY_PHASE_STRIP = NO;
				DEBUG_INFORMATION_FORMAT = dwarf;
				ENABLE_STRICT_OBJC_MSGSEND = YES;
				ENABLE_TESTABILITY = YES;
				GCC_C_LANGUAGE_STANDARD = gnu11;
				GCC_DYNAMIC_NO_PIC = NO;
				GCC_NO_COMMON_BLOCKS = YES;
				GCC_OPTIMIZATION_LEVEL = 0;
				GCC_PREPROCESSOR_DEFINITIONS = (
					"DEBUG=1",
					"$(inherited)",
				);
				GCC_WARN_64_TO_32_BIT_CONVERSION = YES;
				GCC_WARN_ABOUT_RETURN_TYPE = YES_ERROR;
				GCC_WARN_UNDECLARED_SELECTOR = YES;
				GCC_WARN_UNINITIALIZED_AUTOS = YES_AGGRESSIVE;
				GCC_WARN_UNUSED_FUNCTION = YES;
				GCC_WARN_UNUSED_VARIABLE = YES;
				IPHONEOS_DEPLOYMENT_TARGET = 16.4;
				MTL_ENABLE_DEBUG_INFO = INCLUDE_SOURCE;
				MTL_FAST_MATH = YES;
				ONLY_ACTIVE_ARCH = YES;
				SDKROOT = iphoneos;
				SWIFT_ACTIVE_COMPILATION_CONDITIONS = DEBUG;
				SWIFT_OPTIMIZATION_LEVEL = "-Onone";
			};
			name = Debug;
		};
		8B9574402A0EDBBF0074DE34 /* Release */ = {
			isa = XCBuildConfiguration;
			buildSettings = {
				ALWAYS_SEARCH_USER_PATHS = NO;
				CLANG_ANALYZER_NONNULL = YES;
				CLANG_ANALYZER_NUMBER_OBJECT_CONVERSION = YES_AGGRESSIVE;
				CLANG_CXX_LANGUAGE_STANDARD = "gnu++20";
				CLANG_ENABLE_MODULES = YES;
				CLANG_ENABLE_OBJC_ARC = YES;
				CLANG_ENABLE_OBJC_WEAK = YES;
				CLANG_WARN_BLOCK_CAPTURE_AUTORELEASING = YES;
				CLANG_WARN_BOOL_CONVERSION = YES;
				CLANG_WARN_COMMA = YES;
				CLANG_WARN_CONSTANT_CONVERSION = YES;
				CLANG_WARN_DEPRECATED_OBJC_IMPLEMENTATIONS = YES;
				CLANG_WARN_DIRECT_OBJC_ISA_USAGE = YES_ERROR;
				CLANG_WARN_DOCUMENTATION_COMMENTS = YES;
				CLANG_WARN_EMPTY_BODY = YES;
				CLANG_WARN_ENUM_CONVERSION = YES;
				CLANG_WARN_INFINITE_RECURSION = YES;
				CLANG_WARN_INT_CONVERSION = YES;
				CLANG_WARN_NON_LITERAL_NULL_CONVERSION = YES;
				CLANG_WARN_OBJC_IMPLICIT_RETAIN_SELF = YES;
				CLANG_WARN_OBJC_LITERAL_CONVERSION = YES;
				CLANG_WARN_OBJC_ROOT_CLASS = YES_ERROR;
				CLANG_WARN_QUOTED_INCLUDE_IN_FRAMEWORK_HEADER = YES;
				CLANG_WARN_RANGE_LOOP_ANALYSIS = YES;
				CLANG_WARN_STRICT_PROTOTYPES = YES;
				CLANG_WARN_SUSPICIOUS_MOVE = YES;
				CLANG_WARN_UNGUARDED_AVAILABILITY = YES_AGGRESSIVE;
				CLANG_WARN_UNREACHABLE_CODE = YES;
				CLANG_WARN__DUPLICATE_METHOD_MATCH = YES;
				COPY_PHASE_STRIP = NO;
				DEBUG_INFORMATION_FORMAT = "dwarf-with-dsym";
				ENABLE_NS_ASSERTIONS = NO;
				ENABLE_STRICT_OBJC_MSGSEND = YES;
				GCC_C_LANGUAGE_STANDARD = gnu11;
				GCC_NO_COMMON_BLOCKS = YES;
				GCC_WARN_64_TO_32_BIT_CONVERSION = YES;
				GCC_WARN_ABOUT_RETURN_TYPE = YES_ERROR;
				GCC_WARN_UNDECLARED_SELECTOR = YES;
				GCC_WARN_UNINITIALIZED_AUTOS = YES_AGGRESSIVE;
				GCC_WARN_UNUSED_FUNCTION = YES;
				GCC_WARN_UNUSED_VARIABLE = YES;
				IPHONEOS_DEPLOYMENT_TARGET = 16.4;
				MTL_ENABLE_DEBUG_INFO = NO;
				MTL_FAST_MATH = YES;
				SDKROOT = iphoneos;
				SWIFT_COMPILATION_MODE = wholemodule;
				SWIFT_OPTIMIZATION_LEVEL = "-O";
				VALIDATE_PRODUCT = YES;
			};
			name = Release;
		};
		8B9574422A0EDBBF0074DE34 /* Debug */ = {
			isa = XCBuildConfiguration;
			buildSettings = {
				ASSETCATALOG_COMPILER_APPICON_NAME = AppIcon;
				ASSETCATALOG_COMPILER_GLOBAL_ACCENT_COLOR_NAME = AccentColor;
				CODE_SIGN_STYLE = Automatic;
				CURRENT_PROJECT_VERSION = 1;
				DEVELOPMENT_TEAM = FQ4G9SX78Z;
				GENERATE_INFOPLIST_FILE = YES;
				INFOPLIST_FILE = week7/Info.plist;
				INFOPLIST_KEY_UIApplicationSupportsIndirectInputEvents = YES;
				INFOPLIST_KEY_UILaunchStoryboardName = LaunchScreen;
				INFOPLIST_KEY_UIMainStoryboardFile = Main;
				INFOPLIST_KEY_UISupportedInterfaceOrientations = UIInterfaceOrientationPortrait;
				IPHONEOS_DEPLOYMENT_TARGET = 13.0;
				LD_RUNPATH_SEARCH_PATHS = (
					"$(inherited)",
					"@executable_path/Frameworks",
				);
				MARKETING_VERSION = 1.0;
				PRODUCT_BUNDLE_IDENTIFIER = "jxx-sx.week7";
				PRODUCT_NAME = "$(TARGET_NAME)";
				SWIFT_EMIT_LOC_STRINGS = YES;
				SWIFT_VERSION = 5.0;
				TARGETED_DEVICE_FAMILY = "1,2";
			};
			name = Debug;
		};
		8B9574432A0EDBBF0074DE34 /* Release */ = {
			isa = XCBuildConfiguration;
			buildSettings = {
				ASSETCATALOG_COMPILER_APPICON_NAME = AppIcon;
				ASSETCATALOG_COMPILER_GLOBAL_ACCENT_COLOR_NAME = AccentColor;
				CODE_SIGN_STYLE = Automatic;
				CURRENT_PROJECT_VERSION = 1;
				DEVELOPMENT_TEAM = FQ4G9SX78Z;
				GENERATE_INFOPLIST_FILE = YES;
				INFOPLIST_FILE = week7/Info.plist;
				INFOPLIST_KEY_UIApplicationSupportsIndirectInputEvents = YES;
				INFOPLIST_KEY_UILaunchStoryboardName = LaunchScreen;
				INFOPLIST_KEY_UIMainStoryboardFile = Main;
				INFOPLIST_KEY_UISupportedInterfaceOrientations = UIInterfaceOrientationPortrait;
				IPHONEOS_DEPLOYMENT_TARGET = 13.0;
				LD_RUNPATH_SEARCH_PATHS = (
					"$(inherited)",
					"@executable_path/Frameworks",
				);
				MARKETING_VERSION = 1.0;
				PRODUCT_BUNDLE_IDENTIFIER = "jxx-sx.week7";
				PRODUCT_NAME = "$(TARGET_NAME)";
				SWIFT_EMIT_LOC_STRINGS = YES;
				SWIFT_VERSION = 5.0;
				TARGETED_DEVICE_FAMILY = "1,2";
			};
			name = Release;
		};
/* End XCBuildConfiguration section */

/* Begin XCConfigurationList section */
		8B9574252A0EDBBE0074DE34 /* Build configuration list for PBXProject "week7" */ = {
			isa = XCConfigurationList;
			buildConfigurations = (
				8B95743F2A0EDBBF0074DE34 /* Debug */,
				8B9574402A0EDBBF0074DE34 /* Release */,
			);
			defaultConfigurationIsVisible = 0;
			defaultConfigurationName = Release;
		};
		8B9574412A0EDBBF0074DE34 /* Build configuration list for PBXNativeTarget "week7" */ = {
			isa = XCConfigurationList;
			buildConfigurations = (
				8B9574422A0EDBBF0074DE34 /* Debug */,
				8B9574432A0EDBBF0074DE34 /* Release */,
			);
			defaultConfigurationIsVisible = 0;
			defaultConfigurationName = Release;
		};
/* End XCConfigurationList section */

/* Begin XCVersionGroup section */
		8B9574442A0F17C90074DE34 /* week7.xcdatamodeld */ = {
			isa = XCVersionGroup;
			children = (
				8B9574452A0F17C90074DE34 /* week7.xcdatamodel */,
			);
			currentVersion = 8B9574452A0F17C90074DE34 /* week7.xcdatamodel */;
			path = week7.xcdatamodeld;
			sourceTree = "<group>";
			versionGroupType = wrapper.xcdatamodel;
		};
/* End XCVersionGroup section */
	};
	rootObject = 8B9574222A0EDBBE0074DE34 /* Project object */;
}
